
Microsoft Visual Studio Solution File, Format Version 12.00
# Visual Studio Version 17
VisualStudioVersion = 17.8.34330.188
MinimumVisualStudioVersion = 10.0.40219.1
Project("{888888A0-9F3D-457C-B088-3A5042F75D52}") = "GuessingGame", "GuessingGame\GuessingGame.pyproj", "{B293C3BA-9276-47C7-98F1-8DF866B4CFD4}"
EndProject
Global
	GlobalSection(SolutionConfigurationPlatforms) = preSolution
		Debug|Any CPU = Debug|Any CPU
		Release|Any CPU = Release|Any CPU
	EndGlobalSection
	GlobalSection(ProjectConfigurationPlatforms) = postSolution
		{B293C3BA-9276-47C7-98F1-8DF866B4CFD4}.Debug|Any CPU.ActiveCfg = Debug|Any CPU
		{B293C3BA-9276-47C7-98F1-8DF866B4CFD4}.Release|Any CPU.ActiveCfg = Release|Any CPU
	EndGlobalSection
	GlobalSection(SolutionProperties) = preSolution
		HideSolutionNode = FALSE
	EndGlobalSection
	GlobalSection(ExtensibilityGlobals) = postSolution
		SolutionGuid = {26AA1C0F-CA79-4612-A922-782DCC1DF4EC}
	EndGlobalSection
EndGlobal
